
Microsoft Visual Studio Solution File, Format Version 12.00
# Visual Studio Version 16
VisualStudioVersion = 16.0.30413.136
MinimumVisualStudioVersion = 10.0.40219.1
Project("{FAE04EC0-301F-11D3-BF4B-00C04F79EFBC}") = "maarrio", "maarrio\maarrio.csproj", "{C9FA47ED-C8C4-4CC1-A492-EB2C2C3F4B88}"
EndProject
Global
	GlobalSection(SolutionConfigurationPlatforms) = preSolution
		Debug|Any CPU = Debug|Any CPU
		Release|Any CPU = Release|Any CPU
	EndGlobalSection
	GlobalSection(ProjectConfigurationPlatforms) = postSolution
		{C9FA47ED-C8C4-4CC1-A492-EB2C2C3F4B88}.Debug|Any CPU.ActiveCfg = Debug|Any CPU
		{C9FA47ED-C8C4-4CC1-A492-EB2C2C3F4B88}.Debug|Any CPU.Build.0 = Debug|Any CPU
		{C9FA47ED-C8C4-4CC1-A492-EB2C2C3F4B88}.Release|Any CPU.ActiveCfg = Release|Any CPU
		{C9FA47ED-C8C4-4CC1-A492-EB2C2C3F4B88}.Release|Any CPU.Build.0 = Release|Any CPU
	EndGlobalSection
	GlobalSection(SolutionProperties) = preSolution
		HideSolutionNode = FALSE
	EndGlobalSection
	GlobalSection(ExtensibilityGlobals) = postSolution
		SolutionGuid = {36D832DC-E61D-4153-A97A-AA5DD728DEEA}
	EndGlobalSection
EndGlobal
